
Microsoft Visual Studio Solution File, Format Version 12.00
# Visual Studio Version 17
VisualStudioVersion = 17.7.34031.279
MinimumVisualStudioVersion = 10.0.40219.1
Project("{FAE04EC0-301F-11D3-BF4B-00C04F79EFBC}") = "ProyectoProgramación", "ProyectoProgramación.csproj", "{D7531074-B2E1-4144-9463-41C6F2B5005C}"
EndProject
Global
	GlobalSection(SolutionConfigurationPlatforms) = preSolution
		Debug|Any CPU = Debug|Any CPU
		Release|Any CPU = Release|Any CPU
	EndGlobalSection
	GlobalSection(ProjectConfigurationPlatforms) = postSolution
		{D7531074-B2E1-4144-9463-41C6F2B5005C}.Debug|Any CPU.ActiveCfg = Debug|Any CPU
		{D7531074-B2E1-4144-9463-41C6F2B5005C}.Debug|Any CPU.Build.0 = Debug|Any CPU
		{D7531074-B2E1-4144-9463-41C6F2B5005C}.Release|Any CPU.ActiveCfg = Release|Any CPU
		{D7531074-B2E1-4144-9463-41C6F2B5005C}.Release|Any CPU.Build.0 = Release|Any CPU
	EndGlobalSection
	GlobalSection(SolutionProperties) = preSolution
		HideSolutionNode = FALSE
	EndGlobalSection
	GlobalSection(ExtensibilityGlobals) = postSolution
		SolutionGuid = {4D1C6D61-AE11-4627-89F2-61B8412D63A2}
	EndGlobalSection
EndGlobal
